
Microsoft Visual Studio Solution File, Format Version 12.00
# Visual Studio Version 16
VisualStudioVersion = 16.0.30011.22
MinimumVisualStudioVersion = 10.0.40219.1
Project("{888888A0-9F3D-457C-B088-3A5042F75D52}") = "PythonAsmParser", "PythonAsmParser\PythonAsmParser.pyproj", "{636CF6C9-935F-4DC3-830B-FED4D110AA13}"
EndProject
Global
	GlobalSection(SolutionConfigurationPlatforms) = preSolution
		Debug|Any CPU = Debug|Any CPU
		Release|Any CPU = Release|Any CPU
	EndGlobalSection
	GlobalSection(ProjectConfigurationPlatforms) = postSolution
		{636CF6C9-935F-4DC3-830B-FED4D110AA13}.Debug|Any CPU.ActiveCfg = Debug|Any CPU
		{636CF6C9-935F-4DC3-830B-FED4D110AA13}.Release|Any CPU.ActiveCfg = Release|Any CPU
	EndGlobalSection
	GlobalSection(SolutionProperties) = preSolution
		HideSolutionNode = FALSE
	EndGlobalSection
	GlobalSection(ExtensibilityGlobals) = postSolution
		SolutionGuid = {0DD40113-076E-4BFF-8821-6EF5115F517B}
	EndGlobalSection
EndGlobal
